PODS:
  - MeshulamSDK (0.0.3)

DEPENDENCIES:
  - MeshulamSDK (from `../MeshulamSDK.podspec`)

EXTERNAL SOURCES:
  MeshulamSDK:
    :path: "../MeshulamSDK.podspec"

SPEC CHECKSUMS:
  MeshulamSDK: 6e43e1371586477094cad8bf697b520a55c0d05a

PODFILE CHECKSUM: 220b5f0d26351d0ed1fb6d3434006d1015d1cfce

COCOAPODS: 1.10.1
