PODS:
  - Alamofire (5.4.3)
  - lottie-ios (3.2.3)
  - MeshulamSDK (0.1.4):
    - Alamofire
    - lottie-ios

DEPENDENCIES:
  - MeshulamSDK (from `../MeshulamSDK.podspec`)

SPEC REPOS:
  trunk:
    - Alamofire
    - lottie-ios

EXTERNAL SOURCES:
  MeshulamSDK:
    :path: "../MeshulamSDK.podspec"

SPEC CHECKSUMS:
  Alamofire: e447a2774a40c996748296fa2c55112fdbbc42f9
  lottie-ios: c058aeafa76daa4cf64d773554bccc8385d0150e
  MeshulamSDK: 1d341901beaa96a4174c717472c78f639ea0316d

PODFILE CHECKSUM: 220b5f0d26351d0ed1fb6d3434006d1015d1cfce

COCOAPODS: 1.10.2
